
Microsoft Visual Studio Solution File, Format Version 12.00
# Visual Studio Version 17
VisualStudioVersion = 17.10.35027.167
MinimumVisualStudioVersion = 10.0.40219.1
Project("{FAE04EC0-301F-11D3-BF4B-00C04F79EFBC}") = "desafioAlura2", "desafioAlura2\desafioAlura2.csproj", "{680F37F9-9DE2-4FB5-AEED-BB033CACBCD6}"
EndProject
Global
	GlobalSection(SolutionConfigurationPlatforms) = preSolution
		Debug|Any CPU = Debug|Any CPU
		Release|Any CPU = Release|Any CPU
	EndGlobalSection
	GlobalSection(ProjectConfigurationPlatforms) = postSolution
		{680F37F9-9DE2-4FB5-AEED-BB033CACBCD6}.Debug|Any CPU.ActiveCfg = Debug|Any CPU
		{680F37F9-9DE2-4FB5-AEED-BB033CACBCD6}.Debug|Any CPU.Build.0 = Debug|Any CPU
		{680F37F9-9DE2-4FB5-AEED-BB033CACBCD6}.Release|Any CPU.ActiveCfg = Release|Any CPU
		{680F37F9-9DE2-4FB5-AEED-BB033CACBCD6}.Release|Any CPU.Build.0 = Release|Any CPU
	EndGlobalSection
	GlobalSection(SolutionProperties) = preSolution
		HideSolutionNode = FALSE
	EndGlobalSection
	GlobalSection(ExtensibilityGlobals) = postSolution
		SolutionGuid = {6BB17E8E-1CDB-4FA3-B9EC-7677DDBD86DF}
	EndGlobalSection
EndGlobal
